
Microsoft Visual Studio Solution File, Format Version 12.00
# Visual Studio Version 17
VisualStudioVersion = 17.0.32002.185
MinimumVisualStudioVersion = 10.0.40219.1
Project("{FAE04EC0-301F-11D3-BF4B-00C04F79EFBC}") = "FoodDrop", "FoodDrop\FoodDrop.csproj", "{B9EDEE22-C6D8-4A48-983B-AF5B1720F064}"
EndProject
Global
	GlobalSection(SolutionConfigurationPlatforms) = preSolution
		Debug|Any CPU = Debug|Any CPU
		Release|Any CPU = Release|Any CPU
	EndGlobalSection
	GlobalSection(ProjectConfigurationPlatforms) = postSolution
		{B9EDEE22-C6D8-4A48-983B-AF5B1720F064}.Debug|Any CPU.ActiveCfg = Debug|Any CPU
		{B9EDEE22-C6D8-4A48-983B-AF5B1720F064}.Debug|Any CPU.Build.0 = Debug|Any CPU
		{B9EDEE22-C6D8-4A48-983B-AF5B1720F064}.Release|Any CPU.ActiveCfg = Release|Any CPU
		{B9EDEE22-C6D8-4A48-983B-AF5B1720F064}.Release|Any CPU.Build.0 = Release|Any CPU
	EndGlobalSection
	GlobalSection(SolutionProperties) = preSolution
		HideSolutionNode = FALSE
	EndGlobalSection
	GlobalSection(ExtensibilityGlobals) = postSolution
		SolutionGuid = {56A2FF92-FB88-4069-9FB3-378AE12AD222}
	EndGlobalSection
EndGlobal
